{
  "pins" : [
    {
      "identity" : "foundationcompatkit",
      "kind" : "remoteSourceControl",
      "location" : "https://github.com/JWIMaster/FoundationCompatKit.git",
      "state" : {
        "branch" : "master",
        "revision" : "4934a727790e6170205c9060a7a6771030ee324f"
      }
    }
  ],
  "version" : 2
}
